
Microsoft Visual Studio Solution File, Format Version 12.00
# Visual Studio Version 17
VisualStudioVersion = 17.14.37012.4 d17.14
MinimumVisualStudioVersion = 10.0.40219.1
Project("{FAE04EC0-301F-11D3-BF4B-00C04F79EFBC}") = "LINQ_20260408", "LINQ_20260408\LINQ_20260408.csproj", "{308DF694-7D57-425C-8B77-DC5ABA06878B}"
EndProject
Global
	GlobalSection(SolutionConfigurationPlatforms) = preSolution
		Debug|Any CPU = Debug|Any CPU
		Release|Any CPU = Release|Any CPU
	EndGlobalSection
	GlobalSection(ProjectConfigurationPlatforms) = postSolution
		{308DF694-7D57-425C-8B77-DC5ABA06878B}.Debug|Any CPU.ActiveCfg = Debug|Any CPU
		{308DF694-7D57-425C-8B77-DC5ABA06878B}.Debug|Any CPU.Build.0 = Debug|Any CPU
		{308DF694-7D57-425C-8B77-DC5ABA06878B}.Release|Any CPU.ActiveCfg = Release|Any CPU
		{308DF694-7D57-425C-8B77-DC5ABA06878B}.Release|Any CPU.Build.0 = Release|Any CPU
	EndGlobalSection
	GlobalSection(SolutionProperties) = preSolution
		HideSolutionNode = FALSE
	EndGlobalSection
	GlobalSection(ExtensibilityGlobals) = postSolution
		SolutionGuid = {23C28336-6F99-4372-BD90-FB5625AD980B}
	EndGlobalSection
EndGlobal
